
Microsoft Visual Studio Solution File, Format Version 12.00
# Visual Studio Version 16
VisualStudioVersion = 16.0.30621.155
MinimumVisualStudioVersion = 10.0.40219.1
Project("{888888A0-9F3D-457C-B088-3A5042F75D52}") = "FlaskWebProject2", "FlaskWebProject2\FlaskWebProject2.pyproj", "{286F6B2A-9F0C-4C9F-A58A-9156A4BA6A6B}"
EndProject
Global
	GlobalSection(SolutionConfigurationPlatforms) = preSolution
		Debug|Any CPU = Debug|Any CPU
		Release|Any CPU = Release|Any CPU
	EndGlobalSection
	GlobalSection(ProjectConfigurationPlatforms) = postSolution
		{286F6B2A-9F0C-4C9F-A58A-9156A4BA6A6B}.Debug|Any CPU.ActiveCfg = Debug|Any CPU
		{286F6B2A-9F0C-4C9F-A58A-9156A4BA6A6B}.Debug|Any CPU.Build.0 = Debug|Any CPU
		{286F6B2A-9F0C-4C9F-A58A-9156A4BA6A6B}.Release|Any CPU.ActiveCfg = Release|Any CPU
		{286F6B2A-9F0C-4C9F-A58A-9156A4BA6A6B}.Release|Any CPU.Build.0 = Release|Any CPU
	EndGlobalSection
	GlobalSection(SolutionProperties) = preSolution
		HideSolutionNode = FALSE
	EndGlobalSection
	GlobalSection(ExtensibilityGlobals) = postSolution
		SolutionGuid = {F676DBFB-FA80-4B1F-851A-33902C77BEAF}
	EndGlobalSection
EndGlobal
